
Microsoft Visual Studio Solution File, Format Version 12.00
# Visual Studio Version 16
VisualStudioVersion = 16.0.31112.23
MinimumVisualStudioVersion = 10.0.40219.1
Project("{FAE04EC0-301F-11D3-BF4B-00C04F79EFBC}") = "InterfataUtilizator_Consola", "InchirieriAuto\InterfataUtilizator_Consola.csproj", "{E6BEFEBF-A3F0-40D0-9077-8B95FFC78177}"
EndProject
Project("{FAE04EC0-301F-11D3-BF4B-00C04F79EFBC}") = "LibrarieModele", "LibrarieModele\LibrarieModele.csproj", "{DD832D0D-CDB4-420A-9F09-33D407B05E0C}"
EndProject
Project("{FAE04EC0-301F-11D3-BF4B-00C04F79EFBC}") = "NivelAccesDate", "NivelAccesDate\NivelAccesDate.csproj", "{4202046B-CA44-4D0F-A395-7C2FFB2B5BC0}"
EndProject
Project("{FAE04EC0-301F-11D3-BF4B-00C04F79EFBC}") = "InterfazaUtilizator_WindowsForms", "InterfazaUtilizator_WindowsForms\InterfazaUtilizator_WindowsForms.csproj", "{71DE92D1-55DE-4D86-A74C-87A030211F89}"
EndProject
Global
	GlobalSection(SolutionConfigurationPlatforms) = preSolution
		Debug|Any CPU = Debug|Any CPU
		Release|Any CPU = Release|Any CPU
	EndGlobalSection
	GlobalSection(ProjectConfigurationPlatforms) = postSolution
		{E6BEFEBF-A3F0-40D0-9077-8B95FFC78177}.Debug|Any CPU.ActiveCfg = Debug|Any CPU
		{E6BEFEBF-A3F0-40D0-9077-8B95FFC78177}.Debug|Any CPU.Build.0 = Debug|Any CPU
		{E6BEFEBF-A3F0-40D0-9077-8B95FFC78177}.Release|Any CPU.ActiveCfg = Release|Any CPU
		{E6BEFEBF-A3F0-40D0-9077-8B95FFC78177}.Release|Any CPU.Build.0 = Release|Any CPU
		{DD832D0D-CDB4-420A-9F09-33D407B05E0C}.Debug|Any CPU.ActiveCfg = Debug|Any CPU
		{DD832D0D-CDB4-420A-9F09-33D407B05E0C}.Debug|Any CPU.Build.0 = Debug|Any CPU
		{DD832D0D-CDB4-420A-9F09-33D407B05E0C}.Release|Any CPU.ActiveCfg = Release|Any CPU
		{DD832D0D-CDB4-420A-9F09-33D407B05E0C}.Release|Any CPU.Build.0 = Release|Any CPU
		{4202046B-CA44-4D0F-A395-7C2FFB2B5BC0}.Debug|Any CPU.ActiveCfg = Debug|Any CPU
		{4202046B-CA44-4D0F-A395-7C2FFB2B5BC0}.Debug|Any CPU.Build.0 = Debug|Any CPU
		{4202046B-CA44-4D0F-A395-7C2FFB2B5BC0}.Release|Any CPU.ActiveCfg = Release|Any CPU
		{4202046B-CA44-4D0F-A395-7C2FFB2B5BC0}.Release|Any CPU.Build.0 = Release|Any CPU
		{71DE92D1-55DE-4D86-A74C-87A030211F89}.Debug|Any CPU.ActiveCfg = Debug|Any CPU
		{71DE92D1-55DE-4D86-A74C-87A030211F89}.Debug|Any CPU.Build.0 = Debug|Any CPU
		{71DE92D1-55DE-4D86-A74C-87A030211F89}.Release|Any CPU.ActiveCfg = Release|Any CPU
		{71DE92D1-55DE-4D86-A74C-87A030211F89}.Release|Any CPU.Build.0 = Release|Any CPU
	EndGlobalSection
	GlobalSection(SolutionProperties) = preSolution
		HideSolutionNode = FALSE
	EndGlobalSection
	GlobalSection(ExtensibilityGlobals) = postSolution
		SolutionGuid = {82420930-BD71-42D4-98E9-74B86041AEB8}
	EndGlobalSection
EndGlobal
